
Microsoft Visual Studio Solution File, Format Version 10.00
# Visual Studio 2008
Project("{8BC9CEB8-8B4A-11D0-8D11-00A0C91BC942}") = "Tutorial4", "Tutorial4\Tutorial4.vcproj", "{6834B844-04BD-4893-946C-6C57D62FDA40}"
EndProject
Global
	GlobalSection(SolutionConfigurationPlatforms) = preSolution
		Debug|Win32 = Debug|Win32
		Release|Win32 = Release|Win32
	EndGlobalSection
	GlobalSection(ProjectConfigurationPlatforms) = postSolution
		{6834B844-04BD-4893-946C-6C57D62FDA40}.Debug|Win32.ActiveCfg = Debug|Win32
		{6834B844-04BD-4893-946C-6C57D62FDA40}.Debug|Win32.Build.0 = Debug|Win32
		{6834B844-04BD-4893-946C-6C57D62FDA40}.Release|Win32.ActiveCfg = Release|Win32
		{6834B844-04BD-4893-946C-6C57D62FDA40}.Release|Win32.Build.0 = Release|Win32
	EndGlobalSection
	GlobalSection(SolutionProperties) = preSolution
		HideSolutionNode = FALSE
	EndGlobalSection
EndGlobal
